
Microsoft Visual Studio Solution File, Format Version 12.00
# Visual Studio 15
Project("{FAE04EC0-301F-11D3-BF4B-00C04F79EFBC}") = "Assembly-CSharp", "Assembly-CSharp.csproj", "{16E04C5F-D275-FFF3-6D87-8085F29F674B}"
EndProject
Global
	GlobalSection(SolutionConfigurationPlatforms) = preSolution
		Debug|Any CPU = Debug|Any CPU
		Release|Any CPU = Release|Any CPU
	EndGlobalSection
	GlobalSection(ProjectConfigurationPlatforms) = postSolution
		{16E04C5F-D275-FFF3-6D87-8085F29F674B}.Debug|Any CPU.ActiveCfg = Debug|Any CPU
		{16E04C5F-D275-FFF3-6D87-8085F29F674B}.Debug|Any CPU.Build.0 = Debug|Any CPU
		{16E04C5F-D275-FFF3-6D87-8085F29F674B}.Release|Any CPU.ActiveCfg = Release|Any CPU
		{16E04C5F-D275-FFF3-6D87-8085F29F674B}.Release|Any CPU.Build.0 = Release|Any CPU
	EndGlobalSection
	GlobalSection(SolutionProperties) = preSolution
		HideSolutionNode = FALSE
	EndGlobalSection
EndGlobal
